[[package]]
category = "main"
description = "Fast ASN.1 parser and serializer with definitions for private keys, public keys, certificates, CRL, OCSP, CMS, PKCS#3, PKCS#7, PKCS#8, PKCS#12, PKCS#5, X.509 and TSP"
name = "asn1crypto"
optional = false
python-versions = "*"
version = "0.24.0"

[[package]]
category = "dev"
description = "Atomic file writes."
name = "atomicwrites"
optional = false
python-versions = ">=2.7, !=3.0.*, !=3.1.*, !=3.2.*, !=3.3.*"
version = "1.3.0"

[[package]]
category = "main"
description = "Classes Without Boilerplate"
name = "attrs"
optional = false
python-versions = ">=2.7, !=3.0.*, !=3.1.*, !=3.2.*, !=3.3.*"
version = "19.1.0"

[[package]]
category = "main"
description = "Self-service finite-state machines for the programmer on the go."
marker = "python_version != \"3.4\""
name = "automat"
optional = false
python-versions = "*"
version = "0.7.0"

[package.dependencies]
attrs = ">=16.1.0"
six = "*"

[[package]]
category = "main"
description = "Screen-scraping library"
name = "beautifulsoup4"
optional = false
python-versions = "*"
version = "4.8.0"

[package.dependencies]
soupsieve = ">=1.2"

[[package]]
category = "main"
description = "Python package for providing Mozilla's CA Bundle."
name = "certifi"
optional = false
python-versions = "*"
version = "2019.9.11"

[[package]]
category = "main"
description = "Foreign Function Interface for Python calling C code."
name = "cffi"
optional = false
python-versions = "*"
version = "1.12.3"

[package.dependencies]
pycparser = "*"

[[package]]
category = "main"
description = "Universal encoding detector for Python 2 and 3"
name = "chardet"
optional = false
python-versions = "*"
version = "3.0.4"

[[package]]
category = "main"
description = "Composable command line interface toolkit"
name = "click"
optional = false
python-versions = ">=2.7, !=3.0.*, !=3.1.*, !=3.2.*, !=3.3.*"
version = "7.0"

[[package]]
category = "dev"
description = "Cross-platform colored terminal text."
marker = "sys_platform == \"win32\""
name = "colorama"
optional = false
python-versions = ">=2.7, !=3.0.*, !=3.1.*, !=3.2.*, !=3.3.*"
version = "0.4.1"

[[package]]
category = "main"
description = "Symbolic constants in Python"
marker = "python_version != \"3.4\""
name = "constantly"
optional = false
python-versions = "*"
version = "15.1.0"

[[package]]
category = "main"
description = "cryptography is a package which provides cryptographic recipes and primitives to Python developers."
name = "cryptography"
optional = false
python-versions = ">=2.7,!=3.0.*,!=3.1.*,!=3.2.*,!=3.3.*"
version = "2.7"

[package.dependencies]
asn1crypto = ">=0.21.0"
cffi = ">=1.8,<1.11.3 || >1.11.3"
six = ">=1.4.1"

[[package]]
category = "main"
description = "cssselect parses CSS3 Selectors and translates them to XPath 1.0"
name = "cssselect"
optional = false
python-versions = ">=2.7, !=3.0.*, !=3.1.*, !=3.2.*, !=3.3.*"
version = "1.1.0"

[[package]]
category = "main"
description = "Find the feed URLs for a website."
name = "feedfinder2"
optional = false
python-versions = "*"
version = "0.0.4"

[package.dependencies]
beautifulsoup4 = "*"
requests = "*"
six = "*"

[[package]]
category = "main"
description = "Universal feed parser, handles RSS 0.9x, RSS 1.0, RSS 2.0, CDF, Atom 0.3, and Atom 1.0 feeds"
name = "feedparser"
optional = false
python-versions = "*"
version = "5.2.1"

[[package]]
category = "main"
description = "A simple framework for building complex web applications."
name = "flask"
optional = false
python-versions = ">=2.7, !=3.0.*, !=3.1.*, !=3.2.*, !=3.3.*, !=3.4.*"
version = "1.1.1"

[package.dependencies]
Jinja2 = ">=2.10.1"
Werkzeug = ">=0.15"
click = ">=5.1"
itsdangerous = ">=0.24"

[[package]]
category = "main"
description = "A featureful, immutable, and correct URL for Python."
marker = "python_version != \"3.4\""
name = "hyperlink"
optional = false
python-versions = "*"
version = "19.0.0"

[package.dependencies]
idna = ">=2.5"

[[package]]
category = "main"
description = "Internationalized Domain Names in Applications (IDNA)"
name = "idna"
optional = false
python-versions = ">=2.7, !=3.0.*, !=3.1.*, !=3.2.*, !=3.3.*"
version = "2.8"

[[package]]
category = "dev"
description = "Read metadata from Python packages"
marker = "python_version < \"3.8\""
name = "importlib-metadata"
optional = false
python-versions = ">=2.7,!=3.0,!=3.1,!=3.2,!=3.3"
version = "0.23"

[package.dependencies]
zipp = ">=0.5"

[[package]]
category = "main"
description = ""
marker = "python_version != \"3.4\""
name = "incremental"
optional = false
python-versions = "*"
version = "17.5.0"

[[package]]
category = "main"
description = "Various helpers to pass data to untrusted environments and back."
name = "itsdangerous"
optional = false
python-versions = ">=2.7, !=3.0.*, !=3.1.*, !=3.2.*, !=3.3.*"
version = "1.1.0"

[[package]]
category = "main"
description = "Chinese Words Segementation Utilities"
name = "jieba3k"
optional = false
python-versions = "*"
version = "0.35.1"

[[package]]
category = "main"
description = "A small but fast and easy to use stand-alone template engine written in pure python."
name = "jinja2"
optional = false
python-versions = "*"
version = "2.10.1"

[package.dependencies]
MarkupSafe = ">=0.23"

[[package]]
category = "main"
description = "Powerful and Pythonic XML processing library combining libxml2/libxslt with the ElementTree API."
name = "lxml"
optional = false
python-versions = ">=2.7, !=3.0.*, !=3.1.*, !=3.2.*, !=3.3.*, != 3.4.*"
version = "4.4.1"

[[package]]
category = "main"
description = "Safely add untrusted strings to HTML/XML markup."
name = "markupsafe"
optional = false
python-versions = ">=2.7,!=3.0.*,!=3.1.*,!=3.2.*,!=3.3.*"
version = "1.1.1"

[[package]]
category = "dev"
description = "More routines for operating on iterables, beyond itertools"
name = "more-itertools"
optional = false
python-versions = ">=3.4"
version = "7.2.0"

[[package]]
category = "main"
description = "Simplified python article discovery & extraction."
name = "newspaper3k"
optional = false
python-versions = "*"
version = "0.2.8"

[package.dependencies]
Pillow = ">=3.3.0"
PyYAML = ">=3.11"
beautifulsoup4 = ">=4.4.1"
cssselect = ">=0.9.2"
feedfinder2 = ">=0.0.4"
feedparser = ">=5.2.1"
jieba3k = ">=0.35.1"
lxml = ">=3.6.0"
nltk = ">=3.2.1"
python-dateutil = ">=2.5.3"
requests = ">=2.10.0"
tinysegmenter = "0.3"
tldextract = ">=2.0.1"

[[package]]
category = "main"
description = "Natural Language Toolkit"
name = "nltk"
optional = false
python-versions = "*"
version = "3.4.5"

[package.dependencies]
six = "*"

[[package]]
category = "main"
description = "Parsel is a library to extract data from HTML and XML using XPath and CSS selectors"
name = "parsel"
optional = false
python-versions = "*"
version = "1.5.2"

[package.dependencies]
cssselect = ">=0.9"
six = ">=1.5.2"
w3lib = ">=1.19.0"

[package.dependencies.lxml]
python = "<3.4.0 || >=3.5.0"
version = "*"

[[package]]
category = "main"
description = "Python Imaging Library (Fork)"
name = "pillow"
optional = false
python-versions = ">=2.7, !=3.0.*, !=3.1.*, !=3.2.*, !=3.3.*, !=3.4.*"
version = "6.1.0"

[[package]]
category = "dev"
description = "plugin and hook calling mechanisms for python"
name = "pluggy"
optional = false
python-versions = ">=2.7, !=3.0.*, !=3.1.*, !=3.2.*, !=3.3.*"
version = "0.13.0"

[package.dependencies]
[package.dependencies.importlib-metadata]
python = "<3.8"
version = ">=0.12"

[[package]]
category = "dev"
description = "library with cross-python path, ini-parsing, io, code, log facilities"
name = "py"
optional = false
python-versions = ">=2.7, !=3.0.*, !=3.1.*, !=3.2.*, !=3.3.*"
version = "1.8.0"

[[package]]
category = "main"
description = "ASN.1 types and codecs"
name = "pyasn1"
optional = false
python-versions = "*"
version = "0.4.7"

[[package]]
category = "main"
description = "A collection of ASN.1-based protocols modules."
name = "pyasn1-modules"
optional = false
python-versions = "*"
version = "0.2.6"

[package.dependencies]
pyasn1 = ">=0.4.6,<0.5.0"

[[package]]
category = "main"
description = "C parser in Python"
name = "pycparser"
optional = false
python-versions = ">=2.7, !=3.0.*, !=3.1.*, !=3.2.*, !=3.3.*"
version = "2.19"

[[package]]
category = "main"
description = "Multi-producer-multi-consumer signal dispatching mechanism"
name = "pydispatcher"
optional = false
python-versions = "*"
version = "2.0.5"

[[package]]
category = "main"
description = "Hamcrest framework for matcher objects"
marker = "python_version != \"3.4\""
name = "pyhamcrest"
optional = false
python-versions = "*"
version = "1.9.0"

[package.dependencies]
setuptools = "*"
six = "*"

[[package]]
category = "main"
description = "Python wrapper module around the OpenSSL library"
name = "pyopenssl"
optional = false
python-versions = "*"
version = "19.0.0"

[package.dependencies]
cryptography = ">=2.3"
six = ">=1.5.2"

[[package]]
category = "main"
description = "Multi-producer-multi-consumer signal dispatching mechanism"
marker = "platform_python_implementation == \"PyPy\""
name = "pypydispatcher"
optional = false
python-versions = "*"
version = "2.1.2"

[[package]]
category = "dev"
description = "pytest: simple powerful testing with Python"
name = "pytest"
optional = false
python-versions = ">=2.7, !=3.0.*, !=3.1.*, !=3.2.*, !=3.3.*"
version = "3.10.1"

[package.dependencies]
atomicwrites = ">=1.0"
attrs = ">=17.4.0"
colorama = "*"
more-itertools = ">=4.0.0"
pluggy = ">=0.7"
py = ">=1.5.0"
setuptools = "*"
six = ">=1.10.0"

[[package]]
category = "main"
description = "Extensions to the standard Python datetime module"
name = "python-dateutil"
optional = false
python-versions = ">=2.7, !=3.0.*, !=3.1.*, !=3.2.*"
version = "2.8.0"

[package.dependencies]
six = ">=1.5"

[[package]]
category = "main"
description = "YAML parser and emitter for Python"
name = "pyyaml"
optional = false
python-versions = ">=2.7, !=3.0.*, !=3.1.*, !=3.2.*, !=3.3.*"
version = "5.1.2"

[[package]]
category = "main"
description = "Collection of persistent (disk-based) queues"
name = "queuelib"
optional = false
python-versions = "*"
version = "1.5.0"

[[package]]
category = "main"
description = "Python client for Redis key-value store"
name = "redis"
optional = false
python-versions = ">=2.7, !=3.0.*, !=3.1.*, !=3.2.*, !=3.3.*"
version = "3.3.8"

[[package]]
category = "main"
description = "Python HTTP for Humans."
name = "requests"
optional = false
python-versions = ">=2.7, !=3.0.*, !=3.1.*, !=3.2.*, !=3.3.*, !=3.4.*"
version = "2.22.0"

[package.dependencies]
certifi = ">=2017.4.17"
chardet = ">=3.0.2,<3.1.0"
idna = ">=2.5,<2.9"
urllib3 = ">=1.21.1,<1.25.0 || >1.25.0,<1.25.1 || >1.25.1,<1.26"

[[package]]
category = "main"
description = "File transport adapter for Requests"
name = "requests-file"
optional = false
python-versions = "*"
version = "1.4.3"

[package.dependencies]
requests = ">=1.0.0"
six = "*"

[[package]]
category = "main"
description = "A high-level Web Crawling and Web Scraping framework"
name = "scrapy"
optional = false
python-versions = ">=2.7, !=3.0.*, !=3.1.*, !=3.2.*, !=3.3.*"
version = "1.7.3"

[package.dependencies]
PyDispatcher = ">=2.0.5"
PyPyDispatcher = ">=2.1.0"
cssselect = ">=0.9"
parsel = ">=1.5"
pyOpenSSL = "*"
queuelib = "*"
service-identity = "*"
six = ">=1.5.2"
w3lib = ">=1.17.0"

[package.dependencies.Twisted]
python = "<3.4.0 || >=3.5.0"
version = ">=13.1.0"

[package.dependencies.lxml]
python = "<3.4.0 || >=3.5.0"
version = "*"

[[package]]
category = "main"
description = "Service identity verification for pyOpenSSL & cryptography."
name = "service-identity"
optional = false
python-versions = "*"
version = "18.1.0"

[package.dependencies]
attrs = ">=16.0.0"
cryptography = "*"
pyasn1 = "*"
pyasn1-modules = "*"

[[package]]
category = "main"
description = "Python 2 and 3 compatibility utilities"
name = "six"
optional = false
python-versions = ">=2.6, !=3.0.*, !=3.1.*"
version = "1.12.0"

[[package]]
category = "main"
description = "A modern CSS selector implementation for Beautiful Soup."
name = "soupsieve"
optional = false
python-versions = "*"
version = "1.9.3"

[[package]]
category = "main"
description = "Very compact Japanese tokenizer"
name = "tinysegmenter"
optional = false
python-versions = "*"
version = "0.3"

[[package]]
category = "main"
description = "Accurately separate the TLD from the registered domain and subdomains of a URL, using the Public Suffix List. By default, this includes the public ICANN TLDs and their exceptions. You can optionally support the Public Suffix List's private domains as well."
name = "tldextract"
optional = false
python-versions = ">=2.7, !=3.0.*, !=3.1.*, !=3.2.*, !=3.3.*"
version = "2.2.1"

[package.dependencies]
idna = "*"
requests = ">=2.1.0"
requests-file = ">=1.4"
setuptools = "*"

[[package]]
category = "main"
description = "An asynchronous networking framework written in Python"
marker = "python_version != \"3.4\""
name = "twisted"
optional = false
python-versions = "*"
version = "19.7.0"

[package.dependencies]
Automat = ">=0.3.0"
PyHamcrest = ">=1.9.0"
attrs = ">=17.4.0"
constantly = ">=15.1"
hyperlink = ">=17.1.1"
incremental = ">=16.10.1"
"zope.interface" = ">=4.4.2"

[[package]]
category = "main"
description = "HTTP library with thread-safe connection pooling, file post, and more."
name = "urllib3"
optional = false
python-versions = ">=2.7, !=3.0.*, !=3.1.*, !=3.2.*, !=3.3.*, <4"
version = "1.25.5"

[[package]]
category = "main"
description = "Library of web-related functions"
name = "w3lib"
optional = false
python-versions = "*"
version = "1.21.0"

[package.dependencies]
six = ">=1.4.1"

[[package]]
category = "main"
description = "The comprehensive WSGI web application library."
name = "werkzeug"
optional = false
python-versions = ">=2.7, !=3.0.*, !=3.1.*, !=3.2.*, !=3.3.*"
version = "0.16.0"

[[package]]
category = "dev"
description = "Backport of pathlib-compatible object wrapper for zip files"
marker = "python_version < \"3.8\""
name = "zipp"
optional = false
python-versions = ">=2.7"
version = "0.6.0"

[package.dependencies]
more-itertools = "*"

[[package]]
category = "main"
description = "Interfaces for Python"
marker = "python_version != \"3.4\""
name = "zope.interface"
optional = false
python-versions = ">=2.7, !=3.0.*, !=3.1.*, !=3.2.*, !=3.3.*"
version = "4.6.0"

[package.dependencies]
setuptools = "*"

[metadata]
content-hash = "e21d42328ed25e6850a8f47f15dd4eea01d73e449cfca008dc565d3fd95d07d7"
python-versions = "^3.6"

[metadata.hashes]
asn1crypto = ["2f1adbb7546ed199e3c90ef23ec95c5cf3585bac7d11fb7eb562a3fe89c64e87", "9d5c20441baf0cb60a4ac34cc447c6c189024b6b4c6cd7877034f4965c464e49"]
atomicwrites = ["03472c30eb2c5d1ba9227e4c2ca66ab8287fbfbbda3888aa93dc2e28fc6811b4", "75a9445bac02d8d058d5e1fe689654ba5a6556a1dfd8ce6ec55a0ed79866cfa6"]
attrs = ["69c0dbf2ed392de1cb5ec704444b08a5ef81680a61cb899dc08127123af36a79", "f0b870f674851ecbfbbbd364d6b5cbdff9dcedbc7f3f5e18a6891057f21fe399"]
automat = ["cbd78b83fa2d81fe2a4d23d258e1661dd7493c9a50ee2f1a5b2cac61c1793b0e", "fdccab66b68498af9ecfa1fa43693abe546014dd25cf28543cbe9d1334916a58"]
beautifulsoup4 = ["05668158c7b85b791c5abde53e50265e16f98ad601c402ba44d70f96c4159612", "25288c9e176f354bf277c0a10aa96c782a6a18a17122dba2e8cec4a97e03343b", "f040590be10520f2ea4c2ae8c3dae441c7cfff5308ec9d58a0ec0c1b8f81d469"]
certifi = ["e4f3620cfea4f83eedc95b24abd9cd56f3c4b146dd0177e83a21b4eb49e21e50", "fd7c7c74727ddcf00e9acd26bba8da604ffec95bf1c2144e67aff7a8b50e6cef"]
cffi = ["041c81822e9f84b1d9c401182e174996f0bae9991f33725d059b771744290774", "046ef9a22f5d3eed06334d01b1e836977eeef500d9b78e9ef693f9380ad0b83d", "066bc4c7895c91812eff46f4b1c285220947d4aa46fa0a2651ff85f2afae9c90", "066c7ff148ae33040c01058662d6752fd73fbc8e64787229ea8498c7d7f4041b", "2444d0c61f03dcd26dbf7600cf64354376ee579acad77aef459e34efcb438c63", "300832850b8f7967e278870c5d51e3819b9aad8f0a2c8dbe39ab11f119237f45", "34c77afe85b6b9e967bd8154e3855e847b70ca42043db6ad17f26899a3df1b25", "46de5fa00f7ac09f020729148ff632819649b3e05a007d286242c4882f7b1dc3", "4aa8ee7ba27c472d429b980c51e714a24f47ca296d53f4d7868075b175866f4b", "4d0004eb4351e35ed950c14c11e734182591465a33e960a4ab5e8d4f04d72647", "4e3d3f31a1e202b0f5a35ba3bc4eb41e2fc2b11c1eff38b362de710bcffb5016", "50bec6d35e6b1aaeb17f7c4e2b9374ebf95a8975d57863546fa83e8d31bdb8c4", "55cad9a6df1e2a1d62063f79d0881a414a906a6962bc160ac968cc03ed3efcfb", "5662ad4e4e84f1eaa8efce5da695c5d2e229c563f9d5ce5b0113f71321bcf753", "59b4dc008f98fc6ee2bb4fd7fc786a8d70000d058c2bbe2698275bc53a8d3fa7", "73e1ffefe05e4ccd7bcea61af76f36077b914f92b76f95ccf00b0c1b9186f3f9", "a1f0fd46eba2d71ce1589f7e50a9e2ffaeb739fb2c11e8192aa2b45d5f6cc41f", "a2e85dc204556657661051ff4bab75a84e968669765c8a2cd425918699c3d0e8", "a5457d47dfff24882a21492e5815f891c0ca35fefae8aa742c6c263dac16ef1f", "a8dccd61d52a8dae4a825cdbb7735da530179fea472903eb871a5513b5abbfdc", "ae61af521ed676cf16ae94f30fe202781a38d7178b6b4ab622e4eec8cefaff42", "b012a5edb48288f77a63dba0840c92d0504aa215612da4541b7b42d849bc83a3", "d2c5cfa536227f57f97c92ac30c8109688ace8fa4ac086d19d0af47d134e2909", "d42b5796e20aacc9d15e66befb7a345454eef794fdb0737d1af593447c6c8f45", "dee54f5d30d775f525894d67b1495625dd9322945e7fee00731952e0368ff42d", "e070535507bd6aa07124258171be2ee8dfc19119c28ca94c9dfb7efd23564512", "e1ff2748c84d97b065cc95429814cdba39bcbd77c9c85c89344b317dc0d9cbff", "ed851c75d1e0e043cbf5ca9a8e1b13c4c90f3fbd863dacb01c0808e2b5204201"]
chardet = ["84ab92ed1c4d4f16916e05906b6b75a6c0fb5db821cc65e70cbd64a3e2a5eaae", "fc323ffcaeaed0e0a02bf4d117757b98aed530d9ed4531e3e15460124c106691"]
click = ["2335065e6395b9e67ca716de5f7526736bfa6ceead690adf616d925bdc622b13", "5b94b49521f6456670fdb30cd82a4eca9412788a93fa6dd6df72c94d5a8ff2d7"]
colorama = ["05eed71e2e327246ad6b38c540c4a3117230b19679b875190486ddd2d721422d", "f8ac84de7840f5b9c4e3347b3c1eaa50f7e49c2b07596221daec5edaabbd7c48"]
constantly = ["586372eb92059873e29eba4f9dec8381541b4d3834660707faf8ba59146dfc35", "dd2fa9d6b1a51a83f0d7dd76293d734046aa176e384bf6e33b7e44880eb37c5d"]
cryptography = ["24b61e5fcb506424d3ec4e18bca995833839bf13c59fc43e530e488f28d46b8c", "25dd1581a183e9e7a806fe0543f485103232f940fcfc301db65e630512cce643", "3452bba7c21c69f2df772762be0066c7ed5dc65df494a1d53a58b683a83e1216", "41a0be220dd1ed9e998f5891948306eb8c812b512dc398e5a01846d855050799", "5751d8a11b956fbfa314f6553d186b94aa70fdb03d8a4d4f1c82dcacf0cbe28a", "5f61c7d749048fa6e3322258b4263463bfccefecb0dd731b6561cb617a1d9bb9", "72e24c521fa2106f19623a3851e9f89ddfdeb9ac63871c7643790f872a305dfc", "7b97ae6ef5cba2e3bb14256625423413d5ce8d1abb91d4f29b6d1a081da765f8", "961e886d8a3590fd2c723cf07be14e2a91cf53c25f02435c04d39e90780e3b53", "96d8473848e984184b6728e2c9d391482008646276c3ff084a1bd89e15ff53a1", "ae536da50c7ad1e002c3eee101871d93abdc90d9c5f651818450a0d3af718609", "b0db0cecf396033abb4a93c95d1602f268b3a68bb0a9cc06a7cff587bb9a7292", "cfee9164954c186b191b91d4193989ca994703b2fff406f71cf454a2d3c7327e", "e6347742ac8f35ded4a46ff835c60e68c22a536a8ae5c4422966d06946b6d4c6", "f27d93f0139a3c056172ebb5d4f9056e770fdf0206c2f422ff2ebbad142e09ed", "f57b76e46a58b63d1c6375017f4564a28f19a5ca912691fd2e4261b3414b618d"]
cssselect = ["f612ee47b749c877ebae5bb77035d8f4202c6ad0f0fc1271b3c18ad6c4468ecf", "f95f8dedd925fd8f54edb3d2dfb44c190d9d18512377d3c1e2388d16126879bc"]
feedfinder2 = ["3701ee01a6c85f8b865a049c30ba0b4608858c803fe8e30d1d289fdbe89d0efe"]
feedparser = ["bd030652c2d08532c034c27fcd7c85868e7fa3cb2b17f230a44a6bbc92519bf9", "cd2485472e41471632ed3029d44033ee420ad0b57111db95c240c9160a85831c", "ce875495c90ebd74b179855449040003a1beb40cd13d5f037a0654251e260b02"]
flask = ["13f9f196f330c7c2c5d7a5cf91af894110ca0215ac051b5844701f2bfd934d52", "45eb5a6fd193d6cf7e0cf5d8a5b31f83d5faae0293695626f539a823e93b13f6"]
hyperlink = ["4288e34705da077fada1111a24a0aa08bb1e76699c9ce49876af722441845654", "ab4a308feb039b04f855a020a6eda3b18ca5a68e6d8f8c899cbe9e653721d04f"]
idna = ["c357b3f628cf53ae2c4c05627ecc484553142ca23264e593d327bcde5e9c3407", "ea8b7f6188e6fa117537c3df7da9fc686d485087abf6ac197f9c46432f7e4a3c"]
importlib-metadata = ["aa18d7378b00b40847790e7c27e11673d7fed219354109d0e7b9e5b25dc3ad26", "d5f18a79777f3aa179c145737780282e27b508fc8fd688cb17c7a813e8bd39af"]
incremental = ["717e12246dddf231a349175f48d74d93e2897244939173b01974ab6661406b9f", "7b751696aaf36eebfab537e458929e194460051ccad279c72b755a167eebd4b3"]
itsdangerous = ["321b033d07f2a4136d3ec762eac9f16a10ccd60f53c0c91af90217ace7ba1f19", "b12271b2047cb23eeb98c8b5622e2e5c5e9abd9784a153e9d8ef9cb4dd09d749"]
jieba3k = ["980a4f2636b778d312518066be90c7697d410dd5a472385f5afced71a2db1c10"]
jinja2 = ["065c4f02ebe7f7cf559e49ee5a95fb800a9e4528727aec6f24402a5374c65013", "14dd6caf1527abb21f08f86c784eac40853ba93edb79552aa1e4b8aef1b61c7b"]
lxml = ["02ca7bf899da57084041bb0f6095333e4d239948ad3169443f454add9f4e9cb4", "096b82c5e0ea27ce9138bcbb205313343ee66a6e132f25c5ed67e2c8d960a1bc", "0a920ff98cf1aac310470c644bc23b326402d3ef667ddafecb024e1713d485f1", "17cae1730a782858a6e2758fd20dd0ef7567916c47757b694a06ffafdec20046", "17e3950add54c882e032527795c625929613adbd2ce5162b94667334458b5a36", "1f4f214337f6ee5825bf90a65d04d70aab05526c08191ab888cb5149501923c5", "2e8f77db25b0a96af679e64ff9bf9dddb27d379c9900c3272f3041c4d1327c9d", "4dffd405390a45ecb95ab5ab1c1b847553c18b0ef8ed01e10c1c8b1a76452916", "6b899931a5648862c7b88c795eddff7588fb585e81cecce20f8d9da16eff96e0", "726c17f3e0d7a7200718c9a890ccfeab391c9133e363a577a44717c85c71db27", "760c12276fee05c36f95f8040180abc7fbebb9e5011447a97cdc289b5d6ab6fc", "796685d3969815a633827c818863ee199440696b0961e200b011d79b9394bbe7", "891fe897b49abb7db470c55664b198b1095e4943b9f82b7dcab317a19116cd38", "a471628e20f03dcdfde00770eeaf9c77811f0c331c8805219ca7b87ac17576c5", "a63b4fd3e2cabdcc9d918ed280bdde3e8e9641e04f3c59a2a3109644a07b9832", "b0b84408d4eabc6de9dd1e1e0bc63e7731e890c0b378a62443e5741cfd0ae90a", "be78485e5d5f3684e875dab60f40cddace2f5b2a8f7fede412358ab3214c3a6f", "c27eaed872185f047bb7f7da2d21a7d8913457678c9a100a50db6da890bc28b9", "c81cb40bff373ab7a7446d6bbca0190bccc5be3448b47b51d729e37799bb5692", "d11874b3c33ee441059464711cd365b89fa1a9cf19ae75b0c189b01fbf735b84", "e9c028b5897901361d81a4718d1db217b716424a0283afe9d6735fe0caf70f79", "fe489d486cd00b739be826e8c1be188ddb74c7a1ca784d93d06fda882a6a1681"]
markupsafe = ["00bc623926325b26bb9605ae9eae8a215691f33cae5df11ca5424f06f2d1f473", "09027a7803a62ca78792ad89403b1b7a73a01c8cb65909cd876f7fcebd79b161", "09c4b7f37d6c648cb13f9230d847adf22f8171b1ccc4d5682398e77f40309235", "1027c282dad077d0bae18be6794e6b6b8c91d58ed8a8d89a89d59693b9131db5", "24982cc2533820871eba85ba648cd53d8623687ff11cbb805be4ff7b4c971aff", "29872e92839765e546828bb7754a68c418d927cd064fd4708fab9fe9c8bb116b", "43a55c2930bbc139570ac2452adf3d70cdbb3cfe5912c71cdce1c2c6bbd9c5d1", "46c99d2de99945ec5cb54f23c8cd5689f6d7177305ebff350a58ce5f8de1669e", "500d4957e52ddc3351cabf489e79c91c17f6e0899158447047588650b5e69183", "535f6fc4d397c1563d08b88e485c3496cf5784e927af890fb3c3aac7f933ec66", "62fe6c95e3ec8a7fad637b7f3d372c15ec1caa01ab47926cfdf7a75b40e0eac1", "6dd73240d2af64df90aa7c4e7481e23825ea70af4b4922f8ede5b9e35f78a3b1", "717ba8fe3ae9cc0006d7c451f0bb265ee07739daf76355d06366154ee68d221e", "79855e1c5b8da654cf486b830bd42c06e8780cea587384cf6545b7d9ac013a0b", "7c1699dfe0cf8ff607dbdcc1e9b9af1755371f92a68f706051cc8c37d447c905", "88e5fcfb52ee7b911e8bb6d6aa2fd21fbecc674eadd44118a9cc3863f938e735", "8defac2f2ccd6805ebf65f5eeb132adcf2ab57aa11fdf4c0dd5169a004710e7d", "98c7086708b163d425c67c7a91bad6e466bb99d797aa64f965e9d25c12111a5e", "9add70b36c5666a2ed02b43b335fe19002ee5235efd4b8a89bfcf9005bebac0d", "9bf40443012702a1d2070043cb6291650a0841ece432556f784f004937f0f32c", "ade5e387d2ad0d7ebf59146cc00c8044acbd863725f887353a10df825fc8ae21", "b00c1de48212e4cc9603895652c5c410df699856a2853135b3967591e4beebc2", "b1282f8c00509d99fef04d8ba936b156d419be841854fe901d8ae224c59f0be5", "b2051432115498d3562c084a49bba65d97cf251f5a331c64a12ee7e04dacc51b", "ba59edeaa2fc6114428f1637ffff42da1e311e29382d81b339c1817d37ec93c6", "c8716a48d94b06bb3b2524c2b77e055fb313aeb4ea620c8dd03a105574ba704f", "cd5df75523866410809ca100dc9681e301e3c27567cf498077e8551b6d20e42f", "e249096428b3ae81b08327a63a485ad0878de3fb939049038579ac0ef61e17e7"]
more-itertools = ["409cd48d4db7052af495b09dec721011634af3753ae1ef92d2b32f73a745f832", "92b8c4b06dac4f0611c0729b2f2ede52b2e1bac1ab48f089c7ddc12e26bb60c4"]
newspaper3k = ["44a864222633d3081113d1030615991c3dbba87239f6bbf59d91240f71a22e3e", "9f1bd3e1fb48f400c715abf875cc7b0a67b7ddcd87f50c9aeeb8fcbbbd9004fb"]
nltk = ["a08bdb4b8a1c13de16743068d9eb61c8c71c2e5d642e8e08205c528035843f82", "bed45551259aa2101381bbdd5df37d44ca2669c5c3dad72439fa459b29137d94"]
parsel = ["4da4262ba4605573b6b72a5f557616a2fc9dee7a47a1efad562752a28d366723", "74f8e9d3b345b14cb1416bd777a03982cde33a74d8b32e0c71e651d07d41d40a"]
pillow = ["0804f77cb1e9b6dbd37601cee11283bba39a8d44b9ddb053400c58e0c0d7d9de", "0ab7c5b5d04691bcbd570658667dd1e21ca311c62dcfd315ad2255b1cd37f64f", "0b3e6cf3ea1f8cecd625f1420b931c83ce74f00c29a0ff1ce4385f99900ac7c4", "0c6ce6ae03a50b0306a683696234b8bc88c5b292d4181ae365b89bd90250ab08", "1454ee7297a81c8308ad61d74c849486efa1badc543453c4b90db0bf99decc1c", "23efd7f83f2ad6036e2b9ef27a46df7e333de1ad9087d341d87e12225d0142b2", "365c06a45712cd723ec16fa4ceb32ce46ad201eb7bbf6d3c16b063c72b61a3ed", "38301fbc0af865baa4752ddae1bb3cbb24b3d8f221bf2850aad96b243306fa03", "3aef1af1a91798536bbab35d70d35750bd2884f0832c88aeb2499aa2d1ed4992", "3c86051d41d1c8b28b9dde08ac93e73aa842991995b12771b0af28da49086bbf", "3fe0ab49537d9330c9bba7f16a5f8b02da615b5c809cdf7124f356a0f182eccd", "406c856e0f6fc330322a319457d9ff6162834050cda2cf1eaaaea4b771d01914", "45a619d5c1915957449264c81c008934452e3fd3604e36809212300b2a4dab68", "49f90f147883a0c3778fd29d3eb169d56416f25758d0f66775db9184debc8010", "504f5334bfd974490a86fef3e3b494cd3c332a8a680d2f258ca03388b40ae230", "51fe9cfcd32c849c6f36ca293648f279fc5097ca8dd6e518b10df3a6a9a13431", "571b5a758baf1cb6a04233fb23d6cf1ca60b31f9f641b1700bfaab1194020555", "5ac381e8b1259925287ccc5a87d9cf6322a2dc88ae28a97fe3e196385288413f", "6052a9e9af4a9a2cc01da4bbee81d42d33feca2bde247c4916d8274b12bb31a4", "6153db744a743c0c8c91b8e3b9d40e0b13a5d31dbf8a12748c6d9bfd3ddc01ad", "6fd63afd14a16f5d6b408f623cc2142917a1f92855f0df997e09a49f0341be8a", "70acbcaba2a638923c2d337e0edea210505708d7859b87c2bd81e8f9902ae826", "70b1594d56ed32d56ed21a7fbb2a5c6fd7446cdb7b21e749c9791eac3a64d9e4", "76638865c83b1bb33bcac2a61ce4d13c17dba2204969dedb9ab60ef62bede686", "7b2ec162c87fc496aa568258ac88631a2ce0acfe681a9af40842fc55deaedc99", "7b403ea842b70c4fa0a4969a5d8d86e932c941095b7cda077ea68f7b98ead30b", "7be698a28175eae5354da94f5f3dc787d5efae6aca7ad1f286a781afde6a27dd", "7cee2cef07c8d76894ebefc54e4bb707dfc7f258ad155bd61d87f6cd487a70ff", "7d16d4498f8b374fc625c4037742fbdd7f9ac383fd50b06f4df00c81ef60e829", "82840783842b27933cc6388800cb547f31caf436f7e23384d456bdf5fc8dfe49", "8755e600b33f4e8c76a590b42acc35d24f4dc801a5868519ce569b9462d77598", "9159285ab4030c6f85e001468cb5886de05e6bd9304e9e7d46b983f7d2fad0cc", "b50bc1780681b127e28f0075dfb81d6135c3a293e0c1d0211133c75e2179b6c0", "b5aa19f1da16b4f5e47b6930053f08cba77ceccaed68748061b0ec24860e510c", "bd0582f831ad5bcad6ca001deba4568573a4675437db17c4031939156ff339fa", "cdd53acd3afb9878a2289a1b55807871f9877c81174ae0d3763e52f907131d25", "cfd40d8a4b59f7567620410f966bb1f32dc555b2b19f82a91b147fac296f645c", "e150c5aed6e67321edc6893faa6701581ca2d393472f39142a00e551bcd249a5", "e3ae410089de680e8f84c68b755b42bc42c0ceb8c03dbea88a5099747091d38e", "e403b37c6a253ebca5d0f2e5624643997aaae529dc96299162418ef54e29eb70", "e9046e559c299b395b39ac7dbf16005308821c2f24a63cae2ab173bd6aa11616", "ef6be704ae2bc8ad0ebc5cb850ee9139493b0fc4e81abcc240fb392a63ebc808", "f8dc19d92896558f9c4317ee365729ead9d7bbcf2052a9a19a3ef17abbb8ac5b"]
pluggy = ["0db4b7601aae1d35b4a033282da476845aa19185c1e6964b25cf324b5e4ec3e6", "fa5fa1622fa6dd5c030e9cad086fa19ef6a0cf6d7a2d12318e10cb49d6d68f34"]
py = ["64f65755aee5b381cea27766a3a147c3f15b9b6b9ac88676de66ba2ae36793fa", "dc639b046a6e2cff5bbe40194ad65936d6ba360b52b3c3fe1d08a82dd50b5e53"]
pyasn1 = ["1321d4b2f051410fe7302bb1619903d30b24ba1451d019c11d242d11b2a35444", "2860a047f666afd23b197a65f33145313511c368ce919b2d9b1853ffd3e9d32d", "2919babd43b3b44247c23201b71072c0c65a636daa595cad5bcd276094dbfc2d", "437a23121602c0bb6c65320b27e31e334ffd73a9ca5c6c075b66b6270b1a8184", "5a89df3c62688261e27439d5715fd0d3ca6bf7bf1067e2171642e92aff17e817", "62cdade8b5530f0b185e09855dd422bc05c0bbff6b72ff61381c09dac7befd8c", "67a43aec85f4ea96e72a7b22227ba7a45cf03b7297e1a53418be164bbf68335e", "813b198c169e9442f340743f77093435bf3e1de8d1731f3abc45d44afba17556", "96c44b5604e7674e53e27fce98f3fc68821d9546151b98842c27b533122649da", "a9495356ca1d66ed197a0f72b41eb1823cf7ea8b5bd07191673e8147aecf8604", "bcac468e38d16e94fee4c8f76eef1feb9a06a911e93465f2351a4140fa66d303", "c39d11c72f0e5e71faa35c8c8ef5ee9b810ec99a3c64f05133f1325fe5636bba", "f124185ccc1c1c5e782aa58d46bc28be279673a482334d70de6735d05d8b4b10"]
pyasn1-modules = ["256c234d85baf315f0e99786d812e68b816e4ee4b35bac982689198ff3df5a61", "3b350a01813f4878f4ebb3e7348d3753556b120145460a810e3121fe78925923", "43c17a83c155229839cc5c6b868e8d0c6041dba149789b6d6e28801c64821722", "525edd202cadbb014587e6e8a82a86424d4c92340222000b300cfd4041625f5a", "5965cb606a914b1b086f6ffdb9e526b5ec21cea81ba0bb75f3b807d5500dda1a", "75819dd99d1be4effd1322859ec8ac3fa7c7503fec0acbce6985b2aae41aa838", "a00100a99dcc71a97b2291fcac868a39f32a72cc54d86a4e5504b34b2f5f8584", "a480489471e67c579f49057a10879cc9a787b64a84af00ed2ed3f68a652b0197", "b3899b59d6c6b4e91e9c5278ec49c0adb971349ef9c3531ae67149e3bb0b272b", "b5e0ab3dc16f42ef0c2e5ebf51db9f1e1aa734a68a4d26a2b475a289182b697f", "bf68431a9043b35aa0a18b865ecbb19ec19f8354488ea0b3b5d9ec33cb4c2be5", "e30199a9d221f1b26c885ff3d87fd08694dbbe18ed0e8e405a2a7126d30ce4c0", "ee0eb28ad9e9c0237954b4ca4c8a91cc2e98476c1dc9a1422310332518b0dd82"]
pycparser = ["a988718abfad80b6b157acce7bf130a30876d27603738ac39f140993246b25b3"]
pydispatcher = ["5570069e1b1769af1fe481de6dd1d3a388492acddd2cdad7a3bde145615d5caf", "5be4a8be12805ef7d712dd9a93284fb8bc53f309867e573f653a72e5fd10e433"]
pyhamcrest = ["6b672c02fdf7470df9674ab82263841ce8333fb143f32f021f6cb26f0e512420", "7a4bdade0ed98c699d728191a058a60a44d2f9c213c51e2dd1e6fb42f2c6128a", "8ffaa0a53da57e89de14ced7185ac746227a8894dbd5a3c718bf05ddbd1d56cd", "bac0bea7358666ce52e3c6c85139632ed89f115e9af52d44b3c36e0bf8cf16a9", "f30e9a310bcc1808de817a92e95169ffd16b60cbc5a016a49c8d0e8ababfae79"]
pyopenssl = ["aeca66338f6de19d1aa46ed634c3b9ae519a64b458f8468aec688e7e3c20f200", "c727930ad54b10fc157015014b666f2d8b41f70c0d03e83ab67624fd3dd5d1e6"]
pypydispatcher = ["b6bec5dfcff9d2535bca2b23c80eae367b1ac250a645106948d315fcfa9130f2"]
pytest = ["3f193df1cfe1d1609d4c583838bea3d532b18d6160fd3f55c9447fdca30848ec", "e246cf173c01169b9617fc07264b7b1316e78d7a650055235d6d897bc80d9660"]
python-dateutil = ["7e6584c74aeed623791615e26efd690f29817a27c73085b78e4bad02493df2fb", "c89805f6f4d64db21ed966fda138f8a5ed7a4fdbc1a8ee329ce1b74e3c74da9e"]
pyyaml = ["0113bc0ec2ad727182326b61326afa3d1d8280ae1122493553fd6f4397f33df9", "01adf0b6c6f61bd11af6e10ca52b7d4057dd0be0343eb9283c878cf3af56aee4", "5124373960b0b3f4aa7df1707e63e9f109b5263eca5976c66e08b1c552d4eaf8", "5ca4f10adbddae56d824b2c09668e91219bb178a1eee1faa56af6f99f11bf696", "7907be34ffa3c5a32b60b95f4d95ea25361c951383a894fec31be7252b2b6f34", "7ec9b2a4ed5cad025c2278a1e6a19c011c80a3caaac804fd2d329e9cc2c287c9", "87ae4c829bb25b9fe99cf71fbb2140c448f534e24c998cc60f39ae4f94396a73", "9de9919becc9cc2ff03637872a440195ac4241c80536632fffeb6a1e25a74299", "a5a85b10e450c66b49f98846937e8cfca1db3127a9d5d1e31ca45c3d0bef4c5b", "b0997827b4f6a7c286c01c5f60384d218dca4ed7d9efa945c3e1aa623d5709ae", "b631ef96d3222e62861443cc89d6563ba3eeb816eeb96b2629345ab795e53681", "bf47c0607522fdbca6c9e817a6e81b08491de50f3766a7a0e6a5be7905961b41", "f81025eddd0327c7d4cfe9b62cf33190e1e736cc6e97502b3ec425f574b3e7a8"]
queuelib = ["42b413295551bdc24ed9376c1a2cd7d0b1b0fa4746b77b27ca2b797a276a1a17", "ff43b5b74b9266f8df4232a8f768dc4d67281a271905e2ed4a3689d4d304cd02"]
redis = ["98a22fb750c9b9bb46e75e945dc3f61d0ab30d06117cbb21ff9cd1d315fedd3b", "c504251769031b0dd7dd5cf786050a6050197c6de0d37778c80c08cb04ae8275"]
requests = ["11e007a8a2aa0323f5a921e9e6a2d7e4e67d9877e85773fba9ba6419025cbeb4", "9cf5292fcd0f598c671cfc1e0d7d1a7f13bb8085e9a590f48c010551dc6c4b31"]
requests-file = ["75c175eed739270aec3c5279ffd74e6527dada275c5c0d76b5817e9c86bb7dea", "8f04aa6201bacda0567e7ac7f677f1499b0fc76b22140c54bc06edf1ba92e2fa"]
scrapy = ["1d2b2672049c3e7ebcab9736bbf759ec32d4cbf598292067737806453c208f95", "fe5a40177960e97d42d1c752a73edb40f76a85a24076dec8535cffa499eb08c8"]
service-identity = ["001c0707759cb3de7e49c078a7c0c9cd12594161d3bf06b9c254fdcb1a60dc36", "0858a54aabc5b459d1aafa8a518ed2081a285087f349fe3e55197989232e2e2d"]
six = ["3350809f0555b11f552448330d0b52d5f24c91a322ea4a15ef22629740f3761c", "d16a0141ec1a18405cd4ce8b4613101da75da0e9a7aec5bdd4fa804d0e0eba73"]
soupsieve = ["8662843366b8d8779dec4e2f921bebec9afd856a5ff2e82cd419acc5054a1a92", "a5a6166b4767725fd52ae55fee8c8b6137d9a51e9f1edea461a062a759160118"]
tinysegmenter = ["ed1f6d2e806a4758a73be589754384cbadadc7e1a414c81a166fc9adf2d40c6d"]
tldextract = ["2c1c5d9d454f79734b4f3da0d603856dd9f820753410a3e9abf0a0c9fde33e97", "b72bef6013de67c7fa181250bc2c2e089a994d259c09ca95a9771f2f97e29ed1"]
twisted = ["02214ef6f125804969aedd55daccea57060b98dae6a2aa0a4cb60c4d0acb8a2c", "15b51047ab116ee61d791cf9fe6f037f35e909a6d344ccb437d1691627c4d8a1", "17704d98d58c9c52d97e88570732e4c094a93fe5df937d01b759bab593345eec", "222e0cfd60b0c867dd303bce6355a3ffac46574079dff11ae7a1775235ad12c8", "23090c9fcec01ce4e102912a39eb4645b2bf916abe459804f87853d977ced6e3", "5102fc2bf0d870c1e217aa09ed7a48b633cc579950a31ecae9cecc556ebffdf2", "6bc71d5a2320576a3ac7f2dac7802c290fcf9f1972c59f9ef5c5b85b8bac1e1e", "6c7703b62de08fd5873d60e6ed30478cdb39e3a37b1ead3a5d2fed10deb6e112", "6ca398abd58730070e9bc34e8a01d1198438b2ff130e95492090a2fec5fb683b", "98840f28c44894f44dc597747b4cddc740197dc6f6f18ba4dd810422094e35cb", "998e3baf509c7cf7973b8174c1050ac10f6a8bc1aaf0178ad6a7c422c75a0c68", "a5f2de00c6630c8f5ad32fca64fc4c853536c21e9ea8d0d2ae54804ef5836b9c", "aad65a24b27253eb94f2749131a872487b093c599c5873c03d90a65cc9b8a2fc", "ab788465701f553f764f4442d22b850f39a6a6abd4861e70c05b4c27119c9b50", "c7244e24fcb72f838be57d3e117ad7df135ff5af4c9d4c565417d671cd1e68c9", "d5db93026568f60cacdc0615fcd21d46f694a6bfad0ef3ff53cde2b4bb85a39d", "da92426002703b02d8fccff3acfea2d8baf76a9052e8c55ea76d0407eeaa06ce", "f4f0af14d288140ecb00861a3bd1e0b94ffdc63057cc1abe8b9dc84f6b6dcf18", "f985f31e3244d18610816b55becf8fbf445c8e30fe0731500cadaf19f296baf0"]
urllib3 = ["2f3eadfea5d92bc7899e75b5968410b749a054b492d5a6379c1344a1481bc2cb", "9c6c593cb28f52075016307fc26b0a0f8e82bc7d1ff19aaaa959b91710a56c47"]
w3lib = ["847704b837b2b973cddef6938325d466628e6078266bc2e1f7ac49ba85c34823", "8b1854fef570b5a5fc84d960e025debd110485d73fd283580376104762774315"]
werkzeug = ["7280924747b5733b246fe23972186c6b348f9ae29724135a6dfc1e53cea433e7", "e5f4a1f98b52b18a93da705a7458e55afb26f32bff83ff5d19189f92462d65c4"]
zipp = ["3718b1cbcd963c7d4c5511a8240812904164b7f381b647143a89d3b98f9bcd8e", "f06903e9f1f43b12d371004b4ac7b06ab39a44adc747266928ae6debfa7b3335"]
"zope.interface" = ["086707e0f413ff8800d9c4bc26e174f7ee4c9c8b0302fbad68d083071822316c", "1157b1ec2a1f5bf45668421e3955c60c610e31913cc695b407a574efdbae1f7b", "11ebddf765bff3bbe8dbce10c86884d87f90ed66ee410a7e6c392086e2c63d02", "14b242d53f6f35c2d07aa2c0e13ccb710392bcd203e1b82a1828d216f6f6b11f", "1b3d0dcabc7c90b470e59e38a9acaa361be43b3a6ea644c0063951964717f0e5", "20a12ab46a7e72b89ce0671e7d7a6c3c1ca2c2766ac98112f78c5bddaa6e4375", "298f82c0ab1b182bd1f34f347ea97dde0fffb9ecf850ecf7f8904b8442a07487", "2f6175722da6f23dbfc76c26c241b67b020e1e83ec7fe93c9e5d3dd18667ada2", "3b877de633a0f6d81b600624ff9137312d8b1d0f517064dfc39999352ab659f0", "4265681e77f5ac5bac0905812b828c9fe1ce80c6f3e3f8574acfb5643aeabc5b", "550695c4e7313555549aa1cdb978dc9413d61307531f123558e438871a883d63", "5f4d42baed3a14c290a078e2696c5f565501abde1b2f3f1a1c0a94fbf6fbcc39", "62dd71dbed8cc6a18379700701d959307823b3b2451bdc018594c48956ace745", "7040547e5b882349c0a2cc9b50674b1745db551f330746af434aad4f09fba2cc", "7e099fde2cce8b29434684f82977db4e24f0efa8b0508179fce1602d103296a2", "7e5c9a5012b2b33e87980cee7d1c82412b2ebabcb5862d53413ba1a2cfde23aa", "81295629128f929e73be4ccfdd943a0906e5fe3cdb0d43ff1e5144d16fbb52b1", "95cc574b0b83b85be9917d37cd2fad0ce5a0d21b024e1a5804d044aabea636fc", "968d5c5702da15c5bf8e4a6e4b67a4d92164e334e9c0b6acf080106678230b98", "9e998ba87df77a85c7bed53240a7257afe51a07ee6bc3445a0bf841886da0b97", "a0c39e2535a7e9c195af956610dba5a1073071d2d85e9d2e5d789463f63e52ab", "a15e75d284178afe529a536b0e8b28b7e107ef39626a7809b4ee64ff3abc9127", "a6a6ff82f5f9b9702478035d8f6fb6903885653bff7ec3a1e011edc9b1a7168d", "b639f72b95389620c1f881d94739c614d385406ab1d6926a9ffe1c8abbea23fe", "bad44274b151d46619a7567010f7cde23a908c6faa84b97598fd2f474a0c6891", "bbcef00d09a30948756c5968863316c949d9cedbc7aabac5e8f0ffbdb632e5f1", "d788a3999014ddf416f2dc454efa4a5dbeda657c6aba031cf363741273804c6b", "eed88ae03e1ef3a75a0e96a55a99d7937ed03e53d0cffc2451c208db445a2966", "f99451f3a579e73b5dd58b1b08d1179791d49084371d9a47baad3b22417f0317"]
